
Microsoft Visual Studio Solution File, Format Version 12.00
# Visual Studio 14
VisualStudioVersion = 14.0.25420.1
MinimumVisualStudioVersion = 10.0.40219.1
Project("{E24C65DC-7377-472B-9ABA-BC803B73C61A}") = "RCOWeb3(1)", "RCOWeb3\", "{B3345243-B156-4CD0-9E4B-35854FB694A6}"
	ProjectSection(WebsiteProperties) = preProject
		TargetFrameworkMoniker = ".NETFramework,Version%3Dv4.5.2"
		Debug.AspNetCompiler.VirtualPath = "/localhost_64924"
		Debug.AspNetCompiler.PhysicalPath = "..\..\..\..\..\Source\Repos\RCOWeb3\RCOWeb3\"
		Debug.AspNetCompiler.TargetPath = "PrecompiledWeb\localhost_64924\"
		Debug.AspNetCompiler.Updateable = "true"
		Debug.AspNetCompiler.ForceOverwrite = "true"
		Debug.AspNetCompiler.FixedNames = "false"
		Debug.AspNetCompiler.Debug = "True"
		Release.AspNetCompiler.VirtualPath = "/localhost_64924"
		Release.AspNetCompiler.PhysicalPath = "..\..\..\..\..\Source\Repos\RCOWeb3\RCOWeb3\"
		Release.AspNetCompiler.TargetPath = "PrecompiledWeb\localhost_64924\"
		Release.AspNetCompiler.Updateable = "true"
		Release.AspNetCompiler.ForceOverwrite = "true"
		Release.AspNetCompiler.FixedNames = "false"
		Release.AspNetCompiler.Debug = "False"
		VWDPort = "64924"
	EndProjectSection
EndProject
Global
	GlobalSection(SolutionConfigurationPlatforms) = preSolution
		Debug|Any CPU = Debug|Any CPU
	EndGlobalSection
	GlobalSection(ProjectConfigurationPlatforms) = postSolution
		{B3345243-B156-4CD0-9E4B-35854FB694A6}.Debug|Any CPU.ActiveCfg = Debug|Any CPU
		{B3345243-B156-4CD0-9E4B-35854FB694A6}.Debug|Any CPU.Build.0 = Debug|Any CPU
	EndGlobalSection
	GlobalSection(SolutionProperties) = preSolution
		HideSolutionNode = FALSE
	EndGlobalSection
EndGlobal
